
Microsoft Visual Studio Solution File, Format Version 12.00
Project("{FAE04EC0-301F-11D3-BF4B-00C04F79EFBC}") = "Market.DAL", "Market.DAL\Market.DAL.csproj", "{82A01A42-F8F4-4064-B78C-E0382BCF8D46}"
EndProject
Project("{FAE04EC0-301F-11D3-BF4B-00C04F79EFBC}") = "Market.Models", "Market.Models\Market.Models.csproj", "{4B6B6352-10E2-4597-AF34-0CE21113AA72}"
EndProject
Project("{2150E333-8FDC-42A3-9474-1A3956D46DE8}") = "SQL", "SQL", "{F717B8CE-1E54-485A-A5D9-A29618BF155F}"
	ProjectSection(SolutionItems) = preProject
		SQL\create_db.sql = SQL\create_db.sql
	EndProjectSection
EndProject
Project("{2150E333-8FDC-42A3-9474-1A3956D46DE8}") = "others", "others", "{1FF3FF32-E824-485F-B37D-BBECFEE87A4E}"
	ProjectSection(SolutionItems) = preProject
		.gitignore = .gitignore
		compose.yaml = compose.yaml
	EndProjectSection
EndProject
Project("{FAE04EC0-301F-11D3-BF4B-00C04F79EFBC}") = "Market.BLL", "Market.BLL\Market.BLL.csproj", "{C52D2270-E29E-490E-953E-F7D53F5BE60C}"
EndProject
Project("{FAE04EC0-301F-11D3-BF4B-00C04F79EFBC}") = "Market.DesktopApp", "Market.DesktopApp\Market.DesktopApp.csproj", "{4DD0DA06-58DF-468C-A6E2-E3DD85030F4A}"
EndProject
Global
	GlobalSection(SolutionConfigurationPlatforms) = preSolution
		Debug|Any CPU = Debug|Any CPU
		Release|Any CPU = Release|Any CPU
	EndGlobalSection
	GlobalSection(ProjectConfigurationPlatforms) = postSolution
		{82A01A42-F8F4-4064-B78C-E0382BCF8D46}.Debug|Any CPU.ActiveCfg = Debug|Any CPU
		{82A01A42-F8F4-4064-B78C-E0382BCF8D46}.Debug|Any CPU.Build.0 = Debug|Any CPU
		{82A01A42-F8F4-4064-B78C-E0382BCF8D46}.Release|Any CPU.ActiveCfg = Release|Any CPU
		{82A01A42-F8F4-4064-B78C-E0382BCF8D46}.Release|Any CPU.Build.0 = Release|Any CPU
		{4B6B6352-10E2-4597-AF34-0CE21113AA72}.Debug|Any CPU.ActiveCfg = Debug|Any CPU
		{4B6B6352-10E2-4597-AF34-0CE21113AA72}.Debug|Any CPU.Build.0 = Debug|Any CPU
		{4B6B6352-10E2-4597-AF34-0CE21113AA72}.Release|Any CPU.ActiveCfg = Release|Any CPU
		{4B6B6352-10E2-4597-AF34-0CE21113AA72}.Release|Any CPU.Build.0 = Release|Any CPU
		{C52D2270-E29E-490E-953E-F7D53F5BE60C}.Debug|Any CPU.ActiveCfg = Debug|Any CPU
		{C52D2270-E29E-490E-953E-F7D53F5BE60C}.Debug|Any CPU.Build.0 = Debug|Any CPU
		{C52D2270-E29E-490E-953E-F7D53F5BE60C}.Release|Any CPU.ActiveCfg = Release|Any CPU
		{C52D2270-E29E-490E-953E-F7D53F5BE60C}.Release|Any CPU.Build.0 = Release|Any CPU
		{4DD0DA06-58DF-468C-A6E2-E3DD85030F4A}.Debug|Any CPU.ActiveCfg = Debug|Any CPU
		{4DD0DA06-58DF-468C-A6E2-E3DD85030F4A}.Debug|Any CPU.Build.0 = Debug|Any CPU
		{4DD0DA06-58DF-468C-A6E2-E3DD85030F4A}.Release|Any CPU.ActiveCfg = Release|Any CPU
		{4DD0DA06-58DF-468C-A6E2-E3DD85030F4A}.Release|Any CPU.Build.0 = Release|Any CPU
	EndGlobalSection
EndGlobal
